
Microsoft Visual Studio Solution File, Format Version 12.00
# Visual Studio Version 17
VisualStudioVersion = 17.5.002.0
MinimumVisualStudioVersion = 10.0.40219.1
Project("{9A19103F-16F7-4668-BE54-9A1E7A4F7556}") = "ResumeApp", "ResumeApp.csproj", "{C54B6C33-8157-4A86-86FD-E6CFC060E89E}"
EndProject
Global
	GlobalSection(SolutionConfigurationPlatforms) = preSolution
		Debug|Any CPU = Debug|Any CPU
		Release|Any CPU = Release|Any CPU
	EndGlobalSection
	GlobalSection(ProjectConfigurationPlatforms) = postSolution
		{C54B6C33-8157-4A86-86FD-E6CFC060E89E}.Debug|Any CPU.ActiveCfg = Debug|Any CPU
		{C54B6C33-8157-4A86-86FD-E6CFC060E89E}.Debug|Any CPU.Build.0 = Debug|Any CPU
		{C54B6C33-8157-4A86-86FD-E6CFC060E89E}.Release|Any CPU.ActiveCfg = Release|Any CPU
		{C54B6C33-8157-4A86-86FD-E6CFC060E89E}.Release|Any CPU.Build.0 = Release|Any CPU
	EndGlobalSection
	GlobalSection(SolutionProperties) = preSolution
		HideSolutionNode = FALSE
	EndGlobalSection
	GlobalSection(ExtensibilityGlobals) = postSolution
		SolutionGuid = {9B62DC6B-D34F-4DDF-B28F-C7AC9C651D96}
	EndGlobalSection
EndGlobal
